
Microsoft Visual Studio Solution File, Format Version 12.00
# Visual Studio Version 17
VisualStudioVersion = 17.0.31919.166
MinimumVisualStudioVersion = 10.0.40219.1
Project("{9A19103F-16F7-4668-BE54-9A1E7A4F7556}") = "Nrrdio.Utilities", "Nrrdio.Utilities\Nrrdio.Utilities.csproj", "{9540FDE5-602D-4B82-AE0B-69DA33B56C67}"
EndProject
Project("{9A19103F-16F7-4668-BE54-9A1E7A4F7556}") = "Nrrdio.Utilities.Web", "Nrrdio.Utilities.Web\Nrrdio.Utilities.Web.csproj", "{17931E6A-1A82-40B7-A125-1EDAAAD3CA30}"
EndProject
Project("{9A19103F-16F7-4668-BE54-9A1E7A4F7556}") = "Nrrdio.Utilities.TestConsole", "Nrrdio.Utilities.TestConsole\Nrrdio.Utilities.TestConsole.csproj", "{CC8D4BAF-4C23-4EA0-8B06-0F3D2BA33009}"
EndProject
Project("{2150E333-8FDC-42A3-9474-1A3956D46DE8}") = "Solution Files", "Solution Files", "{50141A8B-7202-4F0B-AAB3-68EC0596A358}"
	ProjectSection(SolutionItems) = preProject
		.gitattributes = .gitattributes
		.gitignore = .gitignore
		UNLICENSE = UNLICENSE
	EndProjectSection
EndProject
Project("{9A19103F-16F7-4668-BE54-9A1E7A4F7556}") = "Nrrdio.Utilities.Tests", "Nrrdio.Utilities.Tests\Nrrdio.Utilities.Tests.csproj", "{4D617EC4-EF54-485F-88AF-DDDF218638BA}"
EndProject
Project("{9A19103F-16F7-4668-BE54-9A1E7A4F7556}") = "Nrrdio.Utilities.Maths", "Nrrdio.Utilities.Maths\Nrrdio.Utilities.Maths.csproj", "{B06BC095-152D-482B-B9E5-C5388ACE37DB}"
EndProject
Project("{9A19103F-16F7-4668-BE54-9A1E7A4F7556}") = "Nrrdio.Utilities.WinUI", "Nrrdio.Utilities.WinUI\Nrrdio.Utilities.WinUI.csproj", "{61C922D7-9A76-4DCD-BFC6-C408272F93F0}"
EndProject
Global
	GlobalSection(SolutionConfigurationPlatforms) = preSolution
		Debug|Any CPU = Debug|Any CPU
		Release|Any CPU = Release|Any CPU
	EndGlobalSection
	GlobalSection(ProjectConfigurationPlatforms) = postSolution
		{9540FDE5-602D-4B82-AE0B-69DA33B56C67}.Debug|Any CPU.ActiveCfg = Debug|Any CPU
		{9540FDE5-602D-4B82-AE0B-69DA33B56C67}.Debug|Any CPU.Build.0 = Debug|Any CPU
		{9540FDE5-602D-4B82-AE0B-69DA33B56C67}.Release|Any CPU.ActiveCfg = Release|Any CPU
		{9540FDE5-602D-4B82-AE0B-69DA33B56C67}.Release|Any CPU.Build.0 = Release|Any CPU
		{17931E6A-1A82-40B7-A125-1EDAAAD3CA30}.Debug|Any CPU.ActiveCfg = Debug|Any CPU
		{17931E6A-1A82-40B7-A125-1EDAAAD3CA30}.Debug|Any CPU.Build.0 = Debug|Any CPU
		{17931E6A-1A82-40B7-A125-1EDAAAD3CA30}.Release|Any CPU.ActiveCfg = Release|Any CPU
		{17931E6A-1A82-40B7-A125-1EDAAAD3CA30}.Release|Any CPU.Build.0 = Release|Any CPU
		{CC8D4BAF-4C23-4EA0-8B06-0F3D2BA33009}.Debug|Any CPU.ActiveCfg = Debug|Any CPU
		{CC8D4BAF-4C23-4EA0-8B06-0F3D2BA33009}.Debug|Any CPU.Build.0 = Debug|Any CPU
		{CC8D4BAF-4C23-4EA0-8B06-0F3D2BA33009}.Release|Any CPU.ActiveCfg = Release|Any CPU
		{CC8D4BAF-4C23-4EA0-8B06-0F3D2BA33009}.Release|Any CPU.Build.0 = Release|Any CPU
		{4D617EC4-EF54-485F-88AF-DDDF218638BA}.Debug|Any CPU.ActiveCfg = Debug|Any CPU
		{4D617EC4-EF54-485F-88AF-DDDF218638BA}.Debug|Any CPU.Build.0 = Debug|Any CPU
		{4D617EC4-EF54-485F-88AF-DDDF218638BA}.Release|Any CPU.ActiveCfg = Release|Any CPU
		{4D617EC4-EF54-485F-88AF-DDDF218638BA}.Release|Any CPU.Build.0 = Release|Any CPU
		{B06BC095-152D-482B-B9E5-C5388ACE37DB}.Debug|Any CPU.ActiveCfg = Debug|Any CPU
		{B06BC095-152D-482B-B9E5-C5388ACE37DB}.Debug|Any CPU.Build.0 = Debug|Any CPU
		{B06BC095-152D-482B-B9E5-C5388ACE37DB}.Release|Any CPU.ActiveCfg = Release|Any CPU
		{B06BC095-152D-482B-B9E5-C5388ACE37DB}.Release|Any CPU.Build.0 = Release|Any CPU
		{61C922D7-9A76-4DCD-BFC6-C408272F93F0}.Debug|Any CPU.ActiveCfg = Debug|Any CPU
		{61C922D7-9A76-4DCD-BFC6-C408272F93F0}.Debug|Any CPU.Build.0 = Debug|Any CPU
		{61C922D7-9A76-4DCD-BFC6-C408272F93F0}.Release|Any CPU.ActiveCfg = Release|Any CPU
		{61C922D7-9A76-4DCD-BFC6-C408272F93F0}.Release|Any CPU.Build.0 = Release|Any CPU
	EndGlobalSection
	GlobalSection(SolutionProperties) = preSolution
		HideSolutionNode = FALSE
	EndGlobalSection
	GlobalSection(ExtensibilityGlobals) = postSolution
		SolutionGuid = {3D851F46-F1B2-4CAB-AADC-9F5F0EE1FAF2}
	EndGlobalSection
EndGlobal
